
Microsoft Visual Studio Solution File, Format Version 12.00
# Visual Studio 15
VisualStudioVersion = 15.0.28307.1300
MinimumVisualStudioVersion = 10.0.40219.1
Project("{9A19103F-16F7-4668-BE54-9A1E7A4F7556}") = "XSOFT_WEB", "XSOFT_WEB\XSOFT_WEB.csproj", "{D146BB6E-F7C2-4021-83BA-72707A485E54}"
EndProject
Project("{9A19103F-16F7-4668-BE54-9A1E7A4F7556}") = "Models", "Models\Models.csproj", "{D88044A1-4713-4960-8B6B-33C5BD61B651}"
EndProject
Project("{9A19103F-16F7-4668-BE54-9A1E7A4F7556}") = "Repositories", "Repositories\Repositories.csproj", "{B1AD5A42-A890-4CCC-9D52-CE946F28AED9}"
EndProject
Project("{FAE04EC0-301F-11D3-BF4B-00C04F79EFBC}") = "Cons_API", "Cons_API\Cons_API.csproj", "{BDCE12DE-8682-4585-9495-F7A1616578A9}"
EndProject
Global
	GlobalSection(SolutionConfigurationPlatforms) = preSolution
		Debug|Any CPU = Debug|Any CPU
		Release|Any CPU = Release|Any CPU
	EndGlobalSection
	GlobalSection(ProjectConfigurationPlatforms) = postSolution
		{D146BB6E-F7C2-4021-83BA-72707A485E54}.Debug|Any CPU.ActiveCfg = Debug|Any CPU
		{D146BB6E-F7C2-4021-83BA-72707A485E54}.Debug|Any CPU.Build.0 = Debug|Any CPU
		{D146BB6E-F7C2-4021-83BA-72707A485E54}.Release|Any CPU.ActiveCfg = Release|Any CPU
		{D146BB6E-F7C2-4021-83BA-72707A485E54}.Release|Any CPU.Build.0 = Release|Any CPU
		{D88044A1-4713-4960-8B6B-33C5BD61B651}.Debug|Any CPU.ActiveCfg = Debug|Any CPU
		{D88044A1-4713-4960-8B6B-33C5BD61B651}.Debug|Any CPU.Build.0 = Debug|Any CPU
		{D88044A1-4713-4960-8B6B-33C5BD61B651}.Release|Any CPU.ActiveCfg = Release|Any CPU
		{D88044A1-4713-4960-8B6B-33C5BD61B651}.Release|Any CPU.Build.0 = Release|Any CPU
		{B1AD5A42-A890-4CCC-9D52-CE946F28AED9}.Debug|Any CPU.ActiveCfg = Debug|Any CPU
		{B1AD5A42-A890-4CCC-9D52-CE946F28AED9}.Debug|Any CPU.Build.0 = Debug|Any CPU
		{B1AD5A42-A890-4CCC-9D52-CE946F28AED9}.Release|Any CPU.ActiveCfg = Release|Any CPU
		{B1AD5A42-A890-4CCC-9D52-CE946F28AED9}.Release|Any CPU.Build.0 = Release|Any CPU
		{BDCE12DE-8682-4585-9495-F7A1616578A9}.Debug|Any CPU.ActiveCfg = Debug|Any CPU
		{BDCE12DE-8682-4585-9495-F7A1616578A9}.Debug|Any CPU.Build.0 = Debug|Any CPU
		{BDCE12DE-8682-4585-9495-F7A1616578A9}.Release|Any CPU.ActiveCfg = Release|Any CPU
		{BDCE12DE-8682-4585-9495-F7A1616578A9}.Release|Any CPU.Build.0 = Release|Any CPU
	EndGlobalSection
	GlobalSection(SolutionProperties) = preSolution
		HideSolutionNode = FALSE
	EndGlobalSection
	GlobalSection(ExtensibilityGlobals) = postSolution
		SolutionGuid = {75160815-1061-4248-9E18-724B39FB2F8C}
	EndGlobalSection
EndGlobal
